
Microsoft Visual Studio Solution File, Format Version 12.00
# Visual Studio Version 17
VisualStudioVersion = 17.7.34221.43
MinimumVisualStudioVersion = 10.0.40219.1
Project("{FAE04EC0-301F-11D3-BF4B-00C04F79EFBC}") = "DB_Mid_Project", "DB_Mid_Project\DB_Mid_Project.csproj", "{9F59238E-FC71-4517-8964-390632317C66}"
EndProject
Global
	GlobalSection(SolutionConfigurationPlatforms) = preSolution
		Debug|Any CPU = Debug|Any CPU
		Release|Any CPU = Release|Any CPU
	EndGlobalSection
	GlobalSection(ProjectConfigurationPlatforms) = postSolution
		{9F59238E-FC71-4517-8964-390632317C66}.Debug|Any CPU.ActiveCfg = Debug|Any CPU
		{9F59238E-FC71-4517-8964-390632317C66}.Debug|Any CPU.Build.0 = Debug|Any CPU
		{9F59238E-FC71-4517-8964-390632317C66}.Release|Any CPU.ActiveCfg = Release|Any CPU
		{9F59238E-FC71-4517-8964-390632317C66}.Release|Any CPU.Build.0 = Release|Any CPU
	EndGlobalSection
	GlobalSection(SolutionProperties) = preSolution
		HideSolutionNode = FALSE
	EndGlobalSection
	GlobalSection(ExtensibilityGlobals) = postSolution
		SolutionGuid = {E75A4490-340D-4AE1-8347-5E283F87BE1E}
	EndGlobalSection
EndGlobal
